
Microsoft Visual Studio Solution File, Format Version 12.00
# Visual Studio Version 17
VisualStudioVersion = 17.0.31903.59
MinimumVisualStudioVersion = 10.0.40219.1
Project("{FAE04EC0-301F-11D3-BF4B-00C04F79EFBC}") = "WebUseReactEntry", "WebUseReactEntry\WebUseReactEntry.csproj", "{488EC7E4-0B9A-4ED8-9885-5603651065DD}"
EndProject
Global
	GlobalSection(SolutionConfigurationPlatforms) = preSolution
		Debug|Any CPU = Debug|Any CPU
		Release|Any CPU = Release|Any CPU
	EndGlobalSection
	GlobalSection(ProjectConfigurationPlatforms) = postSolution
		{488EC7E4-0B9A-4ED8-9885-5603651065DD}.Debug|Any CPU.ActiveCfg = Debug|Any CPU
		{488EC7E4-0B9A-4ED8-9885-5603651065DD}.Debug|Any CPU.Build.0 = Debug|Any CPU
		{488EC7E4-0B9A-4ED8-9885-5603651065DD}.Release|Any CPU.ActiveCfg = Release|Any CPU
		{488EC7E4-0B9A-4ED8-9885-5603651065DD}.Release|Any CPU.Build.0 = Release|Any CPU
	EndGlobalSection
	GlobalSection(SolutionProperties) = preSolution
		HideSolutionNode = FALSE
	EndGlobalSection
	GlobalSection(ExtensibilityGlobals) = postSolution
		SolutionGuid = {873CFF82-1790-457C-9FBB-85305B2E30B8}
	EndGlobalSection
EndGlobal
